<?xml version="1.0" encoding="UTF-8" standalone="yes" ?>
<CodeBlocks_project_file>
	<FileVersion major="1" minor="6" />
	<Project>
		<Option title="puddi_testbench" />
		<Option makefile_is_custom="1" />
		<Option pch_mode="2" />
		<Option compiler="gcc" />
		<Option virtualFolders="src/;" />
		<Build>
			<Target title="Debug">
				<Option output="debug/puddi_testbench" prefix_auto="1" extension_auto="1" />
				<Option object_output="obj/Debug/" />
				<Option type="1" />
				<Option compiler="gcc" />
				<Compiler>
					<Add option="-g" />
				</Compiler>
				<MakeCommands>
					<Build command="$make -j8 -f $makefile $target" />
					<CompileFile command="$make -f $makefile $file" />
					<Clean command="$make -f $makefile clean$target" />
					<DistClean command="$make -f $makefile distclean$target" />
					<AskRebuildNeeded command="$make -q -f $makefile $target" />
					<SilentBuild command="$make -j8 -f $makefile $target &gt; $(CMD_NULL)" />
				</MakeCommands>
			</Target>
			<Target title="Release">
				<Option output="release/puddi_testbench" prefix_auto="1" extension_auto="1" />
				<Option object_output="obj/Release/" />
				<Option type="1" />
				<Option compiler="gcc" />
				<Compiler>
					<Add option="-O2" />
				</Compiler>
				<Linker>
					<Add option="-s" />
				</Linker>
				<MakeCommands>
					<Build command="$make -j8 -f $makefile $target" />
					<CompileFile command="$make -f $makefile $file" />
					<Clean command="$make -f $makefile clean$target" />
					<DistClean command="$make -f $makefile distclean$target" />
					<AskRebuildNeeded command="$make -q -f $makefile $target" />
					<SilentBuild command="$make -j8 -f $makefile $target &gt; $(CMD_NULL)" />
				</MakeCommands>
			</Target>
		</Build>
		<Compiler>
			<Add option="-Wall" />
		</Compiler>
		<Unit filename="LICENSE" />
		<Unit filename="Makefile" />
		<Unit filename="README.md" />
		<Unit filename="bumpmaps/Shrek-and-Yoda_NRM.jpg" />
		<Unit filename="bumpmaps/cubemap_test_1_NRM.jpg" />
		<Unit filename="bumpmaps/grass1_NRM.jpg" />
		<Unit filename="bumpmaps/rough1_bumpmap_fine.jpg" />
		<Unit filename="bumpmaps/rough2_bumpmap_fine.jpg" />
		<Unit filename="bumpmaps/rough3_bumpmap_fine.jpg" />
		<Unit filename="bumpmaps/rough4_bumpmap_fine.jpg" />
		<Unit filename="bumpmaps/rough5_bumpmap_fine.jpg" />
		<Unit filename="bumpmaps/sand1_NRM.jpg" />
		<Unit filename="bumpmaps/snow1_NRM.jpg" />
		<Unit filename="bumpmaps/stone1_NRM.jpg" />
		<Unit filename="bumpmaps/stone_wall_NRM.jpg" />
		<Unit filename="puddi/Makefile" />
		<Unit filename="puddi/include/AnimatedObject.h" />
		<Unit filename="puddi/include/CRSpline.h" />
		<Unit filename="puddi/include/Camera.h" />
		<Unit filename="puddi/include/Cube.h" />
		<Unit filename="puddi/include/DrawableObject.h" />
		<Unit filename="puddi/include/EnvironmentMap.h" />
		<Unit filename="puddi/include/Font.h" />
		<Unit filename="puddi/include/FpsTracker.h" />
		<Unit filename="puddi/include/Geometry.h" />
		<Unit filename="puddi/include/GlmHeaders.h" />
		<Unit filename="puddi/include/HeightMapTerrain.h" />
		<Unit filename="puddi/include/InitShader.h" />
		<Unit filename="puddi/include/LightSource.h" />
		<Unit filename="puddi/include/Material.h" />
		<Unit filename="puddi/include/ModelGraph.h" />
		<Unit filename="puddi/include/Object.h" />
		<Unit filename="puddi/include/Puddi.h" />
		<Unit filename="puddi/include/Rectangle.h" />
		<Unit filename="puddi/include/RenderGraph.h" />
		<Unit filename="puddi/include/RenderNode.h" />
		<Unit filename="puddi/include/SDLUtil.h" />
		<Unit filename="puddi/include/Schematic.h" />
		<Unit filename="puddi/include/Shader.h" />
		<Unit filename="puddi/include/Shadow.h" />
		<Unit filename="puddi/include/Skeleton.h" />
		<Unit filename="puddi/include/Skybox.h" />
		<Unit filename="puddi/include/Sphere.h" />
		<Unit filename="puddi/include/TerrainVertexMesh.h" />
		<Unit filename="puddi/include/Texture.h" />
		<Unit filename="puddi/include/UpdateGraph.h" />
		<Unit filename="puddi/include/Util.h" />
		<Unit filename="puddi/include/VertexMesh.h" />
		<Unit filename="puddi/shaders/fragment/fshader_cubemap.glsl" />
		<Unit filename="puddi/shaders/fragment/fshader_cubemap_bump.glsl" />
		<Unit filename="puddi/shaders/fragment/fshader_cubemap_bump_noshadow.glsl" />
		<Unit filename="puddi/shaders/fragment/fshader_cubemap_noshadow.glsl" />
		<Unit filename="puddi/shaders/fragment/fshader_depth.glsl" />
		<Unit filename="puddi/shaders/fragment/fshader_emissive_color.glsl" />
		<Unit filename="puddi/shaders/fragment/fshader_emissive_cubemap.glsl" />
		<Unit filename="puddi/shaders/fragment/fshader_emissive_texture.glsl" />
		<Unit filename="puddi/shaders/fragment/fshader_material.glsl" />
		<Unit filename="puddi/shaders/fragment/fshader_material_bump.glsl" />
		<Unit filename="puddi/shaders/fragment/fshader_material_bump_noshadow.glsl" />
		<Unit filename="puddi/shaders/fragment/fshader_material_noshadow.glsl" />
		<Unit filename="puddi/shaders/fragment/fshader_terrain_texture_bump.glsl" />
		<Unit filename="puddi/shaders/fragment/fshader_terrain_texture_bump_noshadow.glsl" />
		<Unit filename="puddi/shaders/fragment/fshader_texture.glsl" />
		<Unit filename="puddi/shaders/fragment/fshader_texture_bump.glsl" />
		<Unit filename="puddi/shaders/fragment/fshader_texture_bump_noshadow.glsl" />
		<Unit filename="puddi/shaders/fragment/fshader_texture_noshadow.glsl" />
		<Unit filename="puddi/shaders/vertex/vshader_cubemap.glsl" />
		<Unit filename="puddi/shaders/vertex/vshader_cubemap_bump.glsl" />
		<Unit filename="puddi/shaders/vertex/vshader_depth.glsl" />
		<Unit filename="puddi/shaders/vertex/vshader_emissive_color.glsl" />
		<Unit filename="puddi/shaders/vertex/vshader_emissive_cubemap.glsl" />
		<Unit filename="puddi/shaders/vertex/vshader_emissive_texture.glsl" />
		<Unit filename="puddi/shaders/vertex/vshader_material.glsl" />
		<Unit filename="puddi/shaders/vertex/vshader_terrain_texture_bump.glsl" />
		<Unit filename="puddi/shaders/vertex/vshader_texture.glsl" />
		<Unit filename="puddi/shaders/vertex/vshader_texture_bump.glsl" />
		<Unit filename="puddi/src/AnimatedObject.cc" />
		<Unit filename="puddi/src/CRSpline.cc" />
		<Unit filename="puddi/src/Camera.cc" />
		<Unit filename="puddi/src/Cube.cc" />
		<Unit filename="puddi/src/DrawableObject.cc" />
		<Unit filename="puddi/src/EnvironmentMap.cc" />
		<Unit filename="puddi/src/Font.cc" />
		<Unit filename="puddi/src/FpsTracker.cc" />
		<Unit filename="puddi/src/Geometry.cc" />
		<Unit filename="puddi/src/HeightMapTerrain.cc" />
		<Unit filename="puddi/src/InitShader.cc" />
		<Unit filename="puddi/src/LightSource.cc" />
		<Unit filename="puddi/src/Material.cc" />
		<Unit filename="puddi/src/ModelGraph.cc" />
		<Unit filename="puddi/src/Object.cc" />
		<Unit filename="puddi/src/Puddi.cc" />
		<Unit filename="puddi/src/Rectangle.cc" />
		<Unit filename="puddi/src/RenderGraph.cc" />
		<Unit filename="puddi/src/RenderNode.cc" />
		<Unit filename="puddi/src/SDLUtil.cc" />
		<Unit filename="puddi/src/Schematic.cc" />
		<Unit filename="puddi/src/Shader.cc" />
		<Unit filename="puddi/src/Shadow.cc" />
		<Unit filename="puddi/src/Skeleton.cc" />
		<Unit filename="puddi/src/Skybox.cc" />
		<Unit filename="puddi/src/Sphere.cc" />
		<Unit filename="puddi/src/TerrainVertexMesh.cc" />
		<Unit filename="puddi/src/Texture.cc" />
		<Unit filename="puddi/src/UpdateGraph.cc" />
		<Unit filename="puddi/src/Util.cc" />
		<Unit filename="puddi/src/VertexMesh.cc" />
		<Unit filename="puddi/textures/font_60_tolerance.png" />
		<Unit filename="src/main.cc" />
		<Unit filename="textures/Shrek-and-Yoda.jpg" />
		<Unit filename="textures/blackblue.tga" />
		<Unit filename="textures/cubemap_test_1.jpg" />
		<Unit filename="textures/font.png" />
		<Unit filename="textures/font1.png" />
		<Unit filename="textures/font2.png" />
		<Unit filename="textures/font4.png" />
		<Unit filename="textures/font5.png" />
		<Unit filename="textures/font_60_tolerance.png" />
		<Unit filename="textures/grass1.jpg" />
		<Unit filename="textures/myfont2.jpg" />
		<Unit filename="textures/myfont2.png" />
		<Unit filename="textures/myfont3.png" />
		<Unit filename="textures/ocaml_logo_1.png" />
		<Unit filename="textures/ocaml_logo_2.png" />
		<Unit filename="textures/ou_logo_1.png" />
		<Unit filename="textures/rough4.jpg" />
		<Unit filename="textures/sand1.jpg" />
		<Unit filename="textures/seamless_heightmap_1.jpg" />
		<Unit filename="textures/skybox1.png" />
		<Unit filename="textures/skybox2.jpg" />
		<Unit filename="textures/skybox2_mirror.jpg" />
		<Unit filename="textures/snow1.jpg" />
		<Unit filename="textures/stone1.jpg" />
		<Unit filename="textures/stone_wall.jpg" />
		<Unit filename="textures/terrain1.jpg" />
		<Unit filename="textures/testfont.png" />
		<Extensions>
			<code_completion />
			<debugger />
			<envvars />
		</Extensions>
	</Project>
</CodeBlocks_project_file>
