<?xml version="1.0" encoding="utf-8"?>
<Project ToolsVersion="4.0" xmlns="http://schemas.microsoft.com/developer/msbuild/2003">
  <ItemGroup>
    <Filter Include="Source Files">
      <UniqueIdentifier>{4FC737F1-C7A5-4376-A066-2A32D752A2FF}</UniqueIdentifier>
      <Extensions>cpp;c;cc;cxx;def;odl;idl;hpj;bat;asm;asmx</Extensions>
    </Filter>
    <Filter Include="Header Files">
      <UniqueIdentifier>{93995380-89BD-4b04-88EB-625FBE52EBFB}</UniqueIdentifier>
      <Extensions>h;hh;hpp;hxx;hm;inl;inc;xsd</Extensions>
    </Filter>
    <Filter Include="Resource Files">
      <UniqueIdentifier>{67DA6AB6-F800-4c08-8B7A-83BB121AAD01}</UniqueIdentifier>
      <Extensions>rc;ico;cur;bmp;dlg;rc2;rct;bin;rgs;gif;jpg;jpeg;jpe;resx;tiff;tif;png;wav;mfcribbon-ms</Extensions>
    </Filter>
    <Filter Include="puddi">
      <UniqueIdentifier>{7367dc43-1c6a-464a-ba3b-2a07bfeed981}</UniqueIdentifier>
    </Filter>
    <Filter Include="puddi\shaders">
      <UniqueIdentifier>{b71000c5-c2aa-4bfe-921f-54d5a2ecfd5f}</UniqueIdentifier>
    </Filter>
    <Filter Include="puddi\include">
      <UniqueIdentifier>{a55407cc-630a-4aa3-be2c-21ac623d1929}</UniqueIdentifier>
    </Filter>
    <Filter Include="puddi\src">
      <UniqueIdentifier>{ae7a5094-8808-4775-b377-629523103f76}</UniqueIdentifier>
    </Filter>
    <Filter Include="puddi\shaders\vertex">
      <UniqueIdentifier>{95660c91-bcae-4a59-b119-292f57697c20}</UniqueIdentifier>
    </Filter>
    <Filter Include="puddi\shaders\fragment">
      <UniqueIdentifier>{83448c95-a638-4116-9f19-3cf2f7367827}</UniqueIdentifier>
    </Filter>
  </ItemGroup>
  <ItemGroup>
    <ClCompile Include="..\..\src\main.cc">
      <Filter>Source Files</Filter>
    </ClCompile>
    <ClCompile Include="..\..\puddi\src\Camera.cc">
      <Filter>puddi\src</Filter>
    </ClCompile>
    <ClCompile Include="..\..\puddi\src\CRSpline.cc">
      <Filter>puddi\src</Filter>
    </ClCompile>
    <ClCompile Include="..\..\puddi\src\Cube.cc">
      <Filter>puddi\src</Filter>
    </ClCompile>
    <ClCompile Include="..\..\puddi\src\DrawableObject.cc">
      <Filter>puddi\src</Filter>
    </ClCompile>
    <ClCompile Include="..\..\puddi\src\EnvironmentMap.cc">
      <Filter>puddi\src</Filter>
    </ClCompile>
    <ClCompile Include="..\..\puddi\src\Font.cc">
      <Filter>puddi\src</Filter>
    </ClCompile>
    <ClCompile Include="..\..\puddi\src\FpsTracker.cc">
      <Filter>puddi\src</Filter>
    </ClCompile>
    <ClCompile Include="..\..\puddi\src\Geometry.cc">
      <Filter>puddi\src</Filter>
    </ClCompile>
    <ClCompile Include="..\..\puddi\src\HeightMap.cc">
      <Filter>puddi\src</Filter>
    </ClCompile>
    <ClCompile Include="..\..\puddi\src\HeightMapTerrain.cc">
      <Filter>puddi\src</Filter>
    </ClCompile>
    <ClCompile Include="..\..\puddi\src\InitShader.cc">
      <Filter>puddi\src</Filter>
    </ClCompile>
    <ClCompile Include="..\..\puddi\src\LightSource.cc">
      <Filter>puddi\src</Filter>
    </ClCompile>
    <ClCompile Include="..\..\puddi\src\Material.cc">
      <Filter>puddi\src</Filter>
    </ClCompile>
    <ClCompile Include="..\..\puddi\src\ModelGraph.cc">
      <Filter>puddi\src</Filter>
    </ClCompile>
    <ClCompile Include="..\..\puddi\src\Object.cc">
      <Filter>puddi\src</Filter>
    </ClCompile>
    <ClCompile Include="..\..\puddi\src\Puddi.cc">
      <Filter>puddi\src</Filter>
    </ClCompile>
    <ClCompile Include="..\..\puddi\src\Rectangle.cc">
      <Filter>puddi\src</Filter>
    </ClCompile>
    <ClCompile Include="..\..\puddi\src\RenderGraph.cc">
      <Filter>puddi\src</Filter>
    </ClCompile>
    <ClCompile Include="..\..\puddi\src\RenderNode.cc">
      <Filter>puddi\src</Filter>
    </ClCompile>
    <ClCompile Include="..\..\puddi\src\Schematic.cc">
      <Filter>puddi\src</Filter>
    </ClCompile>
    <ClCompile Include="..\..\puddi\src\SDLUtil.cc">
      <Filter>puddi\src</Filter>
    </ClCompile>
    <ClCompile Include="..\..\puddi\src\Shader.cc">
      <Filter>puddi\src</Filter>
    </ClCompile>
    <ClCompile Include="..\..\puddi\src\Shadow.cc">
      <Filter>puddi\src</Filter>
    </ClCompile>
    <ClCompile Include="..\..\puddi\src\Skeleton.cc">
      <Filter>puddi\src</Filter>
    </ClCompile>
    <ClCompile Include="..\..\puddi\src\Skybox.cc">
      <Filter>puddi\src</Filter>
    </ClCompile>
    <ClCompile Include="..\..\puddi\src\Sphere.cc">
      <Filter>puddi\src</Filter>
    </ClCompile>
    <ClCompile Include="..\..\puddi\src\TerrainVertexMesh.cc">
      <Filter>puddi\src</Filter>
    </ClCompile>
    <ClCompile Include="..\..\puddi\src\Texture.cc">
      <Filter>puddi\src</Filter>
    </ClCompile>
    <ClCompile Include="..\..\puddi\src\UpdateGraph.cc">
      <Filter>puddi\src</Filter>
    </ClCompile>
    <ClCompile Include="..\..\puddi\src\Util.cc">
      <Filter>puddi\src</Filter>
    </ClCompile>
    <ClCompile Include="..\..\puddi\src\VertexMesh.cc">
      <Filter>puddi\src</Filter>
    </ClCompile>
    <ClCompile Include="..\..\puddi\src\AnimatedObject.cc">
      <Filter>puddi\src</Filter>
    </ClCompile>
  </ItemGroup>
  <ItemGroup>
    <ClInclude Include="..\..\puddi\include\Bagnall.h">
      <Filter>puddi\include</Filter>
    </ClInclude>
    <ClInclude Include="..\..\puddi\include\Camera.h">
      <Filter>puddi\include</Filter>
    </ClInclude>
    <ClInclude Include="..\..\puddi\include\CRSpline.h">
      <Filter>puddi\include</Filter>
    </ClInclude>
    <ClInclude Include="..\..\puddi\include\Cube.h">
      <Filter>puddi\include</Filter>
    </ClInclude>
    <ClInclude Include="..\..\puddi\include\DrawableObject.h">
      <Filter>puddi\include</Filter>
    </ClInclude>
    <ClInclude Include="..\..\puddi\include\EnvironmentMap.h">
      <Filter>puddi\include</Filter>
    </ClInclude>
    <ClInclude Include="..\..\puddi\include\Font.h">
      <Filter>puddi\include</Filter>
    </ClInclude>
    <ClInclude Include="..\..\puddi\include\FpsTracker.h">
      <Filter>puddi\include</Filter>
    </ClInclude>
    <ClInclude Include="..\..\puddi\include\Geometry.h">
      <Filter>puddi\include</Filter>
    </ClInclude>
    <ClInclude Include="..\..\puddi\include\GlmHeaders.h">
      <Filter>puddi\include</Filter>
    </ClInclude>
    <ClInclude Include="..\..\puddi\include\HeightMap.h">
      <Filter>puddi\include</Filter>
    </ClInclude>
    <ClInclude Include="..\..\puddi\include\HeightMapTerrain.h">
      <Filter>puddi\include</Filter>
    </ClInclude>
    <ClInclude Include="..\..\puddi\include\InitShader.h">
      <Filter>puddi\include</Filter>
    </ClInclude>
    <ClInclude Include="..\..\puddi\include\LightSource.h">
      <Filter>puddi\include</Filter>
    </ClInclude>
    <ClInclude Include="..\..\puddi\include\Material.h">
      <Filter>puddi\include</Filter>
    </ClInclude>
    <ClInclude Include="..\..\puddi\include\ModelGraph.h">
      <Filter>puddi\include</Filter>
    </ClInclude>
    <ClInclude Include="..\..\puddi\include\Object.h">
      <Filter>puddi\include</Filter>
    </ClInclude>
    <ClInclude Include="..\..\puddi\include\Puddi.h">
      <Filter>puddi\include</Filter>
    </ClInclude>
    <ClInclude Include="..\..\puddi\include\Rectangle.h">
      <Filter>puddi\include</Filter>
    </ClInclude>
    <ClInclude Include="..\..\puddi\include\RenderGraph.h">
      <Filter>puddi\include</Filter>
    </ClInclude>
    <ClInclude Include="..\..\puddi\include\RenderNode.h">
      <Filter>puddi\include</Filter>
    </ClInclude>
    <ClInclude Include="..\..\puddi\include\Schematic.h">
      <Filter>puddi\include</Filter>
    </ClInclude>
    <ClInclude Include="..\..\puddi\include\SDLUtil.h">
      <Filter>puddi\include</Filter>
    </ClInclude>
    <ClInclude Include="..\..\puddi\include\Shader.h">
      <Filter>puddi\include</Filter>
    </ClInclude>
    <ClInclude Include="..\..\puddi\include\Shadow.h">
      <Filter>puddi\include</Filter>
    </ClInclude>
    <ClInclude Include="..\..\puddi\include\Skeleton.h">
      <Filter>puddi\include</Filter>
    </ClInclude>
    <ClInclude Include="..\..\puddi\include\Skybox.h">
      <Filter>puddi\include</Filter>
    </ClInclude>
    <ClInclude Include="..\..\puddi\include\Sphere.h">
      <Filter>puddi\include</Filter>
    </ClInclude>
    <ClInclude Include="..\..\puddi\include\TerrainVertexMesh.h">
      <Filter>puddi\include</Filter>
    </ClInclude>
    <ClInclude Include="..\..\puddi\include\Texture.h">
      <Filter>puddi\include</Filter>
    </ClInclude>
    <ClInclude Include="..\..\puddi\include\UpdateGraph.h">
      <Filter>puddi\include</Filter>
    </ClInclude>
    <ClInclude Include="..\..\puddi\include\Util.h">
      <Filter>puddi\include</Filter>
    </ClInclude>
    <ClInclude Include="..\..\puddi\include\VertexMesh.h">
      <Filter>puddi\include</Filter>
    </ClInclude>
    <ClInclude Include="..\..\puddi\include\AnimatedObject.h">
      <Filter>puddi\include</Filter>
    </ClInclude>
  </ItemGroup>
  <ItemGroup>
    <None Include="..\..\puddi\shaders\vertex\vshader_cubemap.glsl">
      <Filter>puddi\shaders\vertex</Filter>
    </None>
    <None Include="..\..\puddi\shaders\vertex\vshader_cubemap_bump.glsl">
      <Filter>puddi\shaders\vertex</Filter>
    </None>
    <None Include="..\..\puddi\shaders\vertex\vshader_depth.glsl">
      <Filter>puddi\shaders\vertex</Filter>
    </None>
    <None Include="..\..\puddi\shaders\vertex\vshader_emissive_color.glsl">
      <Filter>puddi\shaders\vertex</Filter>
    </None>
    <None Include="..\..\puddi\shaders\vertex\vshader_emissive_cubemap.glsl">
      <Filter>puddi\shaders\vertex</Filter>
    </None>
    <None Include="..\..\puddi\shaders\vertex\vshader_emissive_texture.glsl">
      <Filter>puddi\shaders\vertex</Filter>
    </None>
    <None Include="..\..\puddi\shaders\vertex\vshader_material.glsl">
      <Filter>puddi\shaders\vertex</Filter>
    </None>
    <None Include="..\..\puddi\shaders\vertex\vshader_terrain_texture_bump.glsl">
      <Filter>puddi\shaders\vertex</Filter>
    </None>
    <None Include="..\..\puddi\shaders\vertex\vshader_texture.glsl">
      <Filter>puddi\shaders\vertex</Filter>
    </None>
    <None Include="..\..\puddi\shaders\vertex\vshader_texture_bump.glsl">
      <Filter>puddi\shaders\vertex</Filter>
    </None>
    <None Include="..\..\puddi\shaders\fragment\fshader_cubemap.glsl">
      <Filter>puddi\shaders\fragment</Filter>
    </None>
    <None Include="..\..\puddi\shaders\fragment\fshader_cubemap_bump.glsl">
      <Filter>puddi\shaders\fragment</Filter>
    </None>
    <None Include="..\..\puddi\shaders\fragment\fshader_cubemap_bump_noshadow.glsl">
      <Filter>puddi\shaders\fragment</Filter>
    </None>
    <None Include="..\..\puddi\shaders\fragment\fshader_cubemap_noshadow.glsl">
      <Filter>puddi\shaders\fragment</Filter>
    </None>
    <None Include="..\..\puddi\shaders\fragment\fshader_depth.glsl">
      <Filter>puddi\shaders\fragment</Filter>
    </None>
    <None Include="..\..\puddi\shaders\fragment\fshader_emissive_color.glsl">
      <Filter>puddi\shaders\fragment</Filter>
    </None>
    <None Include="..\..\puddi\shaders\fragment\fshader_emissive_cubemap.glsl">
      <Filter>puddi\shaders\fragment</Filter>
    </None>
    <None Include="..\..\puddi\shaders\fragment\fshader_emissive_texture.glsl">
      <Filter>puddi\shaders\fragment</Filter>
    </None>
    <None Include="..\..\puddi\shaders\fragment\fshader_material.glsl">
      <Filter>puddi\shaders\fragment</Filter>
    </None>
    <None Include="..\..\puddi\shaders\fragment\fshader_material_bump.glsl">
      <Filter>puddi\shaders\fragment</Filter>
    </None>
    <None Include="..\..\puddi\shaders\fragment\fshader_material_bump_noshadow.glsl">
      <Filter>puddi\shaders\fragment</Filter>
    </None>
    <None Include="..\..\puddi\shaders\fragment\fshader_material_noshadow.glsl">
      <Filter>puddi\shaders\fragment</Filter>
    </None>
    <None Include="..\..\puddi\shaders\fragment\fshader_terrain_texture_bump.glsl">
      <Filter>puddi\shaders\fragment</Filter>
    </None>
    <None Include="..\..\puddi\shaders\fragment\fshader_terrain_texture_bump_noshadow.glsl">
      <Filter>puddi\shaders\fragment</Filter>
    </None>
    <None Include="..\..\puddi\shaders\fragment\fshader_texture.glsl">
      <Filter>puddi\shaders\fragment</Filter>
    </None>
    <None Include="..\..\puddi\shaders\fragment\fshader_texture_bump.glsl">
      <Filter>puddi\shaders\fragment</Filter>
    </None>
    <None Include="..\..\puddi\shaders\fragment\fshader_texture_bump_noshadow.glsl">
      <Filter>puddi\shaders\fragment</Filter>
    </None>
    <None Include="..\..\puddi\shaders\fragment\fshader_texture_noshadow.glsl">
      <Filter>puddi\shaders\fragment</Filter>
    </None>
  </ItemGroup>
</Project>